hash: 0fcee35b086d89b43a1f636d34d65765e09c7ca8e3e1ab5f661078e276343047
updated: 2018-11-11T11:14:36.595988+08:00
imports:
- name: github.com/fatih/color
  version: 5b77d2a35fb0ede96d138fc9a99f5c9b6aef11b4
- name: github.com/mailru/easygo
  version: 6ced98f886dd65a113f1843d868623e6fbceca31
  subpackages:
  - netpoll
- name: github.com/neverhook/easygo
  version: 787757e6499086c1bb5dfe4ae7d3aa4aafe169d4
  subpackages:
  - netpoll
- name: github.com/smallnest/rpcx
  version: d9aeaaedc09994ad9428be1ba181ff7e3e826195
  subpackages:
  - log
- name: github.com/surgemq/message
  version: 2b7ca1ac6121420133f8df6b94a976d5ca35339a
- name: golang.org/x/sys
  version: c11f84a56e43e20a78cee75a7c034031ecf57d1f
testImports: []
